
Microsoft Visual Studio Solution File, Format Version 12.00
# Visual Studio Version 17
VisualStudioVersion = 17.3.32929.385
MinimumVisualStudioVersion = 10.0.40219.1
Project("{FAE04EC0-301F-11D3-BF4B-00C04F79EFBC}") = "InsertionSort", "InsertionSort\InsertionSort.csproj", "{3A7000ED-7600-4DFE-AE6F-09FDEB501C84}"
EndProject
Global
	GlobalSection(SolutionConfigurationPlatforms) = preSolution
		Debug|Any CPU = Debug|Any CPU
		Release|Any CPU = Release|Any CPU
	EndGlobalSection
	GlobalSection(ProjectConfigurationPlatforms) = postSolution
		{3A7000ED-7600-4DFE-AE6F-09FDEB501C84}.Debug|Any CPU.ActiveCfg = Debug|Any CPU
		{3A7000ED-7600-4DFE-AE6F-09FDEB501C84}.Debug|Any CPU.Build.0 = Debug|Any CPU
		{3A7000ED-7600-4DFE-AE6F-09FDEB501C84}.Release|Any CPU.ActiveCfg = Release|Any CPU
		{3A7000ED-7600-4DFE-AE6F-09FDEB501C84}.Release|Any CPU.Build.0 = Release|Any CPU
	EndGlobalSection
	GlobalSection(SolutionProperties) = preSolution
		HideSolutionNode = FALSE
	EndGlobalSection
	GlobalSection(ExtensibilityGlobals) = postSolution
		SolutionGuid = {C2AD2582-9760-4370-805E-A9FB5D10AD63}
	EndGlobalSection
EndGlobal
